
Microsoft Visual Studio Solution File, Format Version 12.00
# Visual Studio Version 16
VisualStudioVersion = 16.0.30517.126
MinimumVisualStudioVersion = 10.0.40219.1
Project("{9A19103F-16F7-4668-BE54-9A1E7A4F7556}") = "ClearFolder", "ClearFolder\ClearFolder.csproj", "{891E5374-B524-4D9B-B82D-8B5C365C64B4}"
EndProject
Project("{9A19103F-16F7-4668-BE54-9A1E7A4F7556}") = "CreateDirectory", "CreateDirectory\CreateDirectory.csproj", "{CB95B4B4-38C9-4224-A217-3724EE413A21}"
EndProject
Project("{FAE04EC0-301F-11D3-BF4B-00C04F79EFBC}") = "CreateFile", "CreateFile\CreateFile.csproj", "{72E8DFDA-C11C-4299-B0E0-13E3538F1245}"
EndProject
Project("{FAE04EC0-301F-11D3-BF4B-00C04F79EFBC}") = "MoveFile", "MoveFile\MoveFile.csproj", "{6697B5A7-A9E5-4BD5-B06D-4BA3FF1C0903}"
EndProject
Project("{FAE04EC0-301F-11D3-BF4B-00C04F79EFBC}") = "DeleteFile", "DeleteFile\DeleteFile.csproj", "{F9EDABD4-5D71-4D28-A7ED-7FA4BAF5CC13}"
EndProject
Global
	GlobalSection(SolutionConfigurationPlatforms) = preSolution
		Debug|Any CPU = Debug|Any CPU
		Release|Any CPU = Release|Any CPU
	EndGlobalSection
	GlobalSection(ProjectConfigurationPlatforms) = postSolution
		{891E5374-B524-4D9B-B82D-8B5C365C64B4}.Debug|Any CPU.ActiveCfg = Debug|Any CPU
		{891E5374-B524-4D9B-B82D-8B5C365C64B4}.Debug|Any CPU.Build.0 = Debug|Any CPU
		{891E5374-B524-4D9B-B82D-8B5C365C64B4}.Release|Any CPU.ActiveCfg = Release|Any CPU
		{891E5374-B524-4D9B-B82D-8B5C365C64B4}.Release|Any CPU.Build.0 = Release|Any CPU
		{CB95B4B4-38C9-4224-A217-3724EE413A21}.Debug|Any CPU.ActiveCfg = Debug|Any CPU
		{CB95B4B4-38C9-4224-A217-3724EE413A21}.Debug|Any CPU.Build.0 = Debug|Any CPU
		{CB95B4B4-38C9-4224-A217-3724EE413A21}.Release|Any CPU.ActiveCfg = Release|Any CPU
		{CB95B4B4-38C9-4224-A217-3724EE413A21}.Release|Any CPU.Build.0 = Release|Any CPU
		{72E8DFDA-C11C-4299-B0E0-13E3538F1245}.Debug|Any CPU.ActiveCfg = Debug|Any CPU
		{72E8DFDA-C11C-4299-B0E0-13E3538F1245}.Debug|Any CPU.Build.0 = Debug|Any CPU
		{72E8DFDA-C11C-4299-B0E0-13E3538F1245}.Release|Any CPU.ActiveCfg = Release|Any CPU
		{72E8DFDA-C11C-4299-B0E0-13E3538F1245}.Release|Any CPU.Build.0 = Release|Any CPU
		{6697B5A7-A9E5-4BD5-B06D-4BA3FF1C0903}.Debug|Any CPU.ActiveCfg = Debug|Any CPU
		{6697B5A7-A9E5-4BD5-B06D-4BA3FF1C0903}.Debug|Any CPU.Build.0 = Debug|Any CPU
		{6697B5A7-A9E5-4BD5-B06D-4BA3FF1C0903}.Release|Any CPU.ActiveCfg = Release|Any CPU
		{6697B5A7-A9E5-4BD5-B06D-4BA3FF1C0903}.Release|Any CPU.Build.0 = Release|Any CPU
		{F9EDABD4-5D71-4D28-A7ED-7FA4BAF5CC13}.Debug|Any CPU.ActiveCfg = Debug|Any CPU
		{F9EDABD4-5D71-4D28-A7ED-7FA4BAF5CC13}.Debug|Any CPU.Build.0 = Debug|Any CPU
		{F9EDABD4-5D71-4D28-A7ED-7FA4BAF5CC13}.Release|Any CPU.ActiveCfg = Release|Any CPU
		{F9EDABD4-5D71-4D28-A7ED-7FA4BAF5CC13}.Release|Any CPU.Build.0 = Release|Any CPU
	EndGlobalSection
	GlobalSection(SolutionProperties) = preSolution
		HideSolutionNode = FALSE
	EndGlobalSection
	GlobalSection(ExtensibilityGlobals) = postSolution
		SolutionGuid = {7F62BB18-5115-40EC-96CE-D2F852E8B215}
	EndGlobalSection
EndGlobal
